
Microsoft Visual Studio Solution File, Format Version 12.00
# Visual Studio Version 17
VisualStudioVersion = 17.0.31903.59
MinimumVisualStudioVersion = 10.0.40219.1
Project("{FAE04EC0-301F-11D3-BF4B-00C04F79EFBC}") = "EPSC.API", "EPSC.API\EPSC.API.csproj", "{23A4F7BD-D791-4EF4-8461-E7140DB10B07}"
EndProject
Project("{FAE04EC0-301F-11D3-BF4B-00C04F79EFBC}") = "EPSC.Application", "EPSC.Application\EPSC.Application.csproj", "{F046B04F-3A42-4386-BED2-9D64D8BA8825}"
EndProject
Project("{FAE04EC0-301F-11D3-BF4B-00C04F79EFBC}") = "EPSC.Domain", "EPSC.Domain\EPSC.Domain.csproj", "{35A6BEEA-0920-4544-9840-B40DAF99D90F}"
EndProject
Project("{FAE04EC0-301F-11D3-BF4B-00C04F79EFBC}") = "EPSC.Infrastructure", "EPSC.Infrastructure\EPSC.Infrastructure.csproj", "{9FF8BAF8-E6DC-475E-BAA2-12A3F8C92294}"
EndProject
Project("{FAE04EC0-301F-11D3-BF4B-00C04F79EFBC}") = "EPSC.Services", "EPSC.Services\EPSC.Services.csproj", "{E17B98B0-DF0A-48EA-993E-093B5D906951}"
EndProject
Project("{FAE04EC0-301F-11D3-BF4B-00C04F79EFBC}") = "EPSC.Utility", "EPSC.Utility\EPSC.Utility.csproj", "{26B817D6-3941-4142-B115-480B9560EFB3}"
EndProject
Project("{FAE04EC0-301F-11D3-BF4B-00C04F79EFBC}") = "EPSC.Tests", "EPSC.Tests\EPSC.Tests.csproj", "{4CC1A265-D7B6-4682-AA22-45CC998F711C}"
EndProject
Global
	GlobalSection(SolutionConfigurationPlatforms) = preSolution
		Debug|Any CPU = Debug|Any CPU
		Debug|x64 = Debug|x64
		Debug|x86 = Debug|x86
		Release|Any CPU = Release|Any CPU
		Release|x64 = Release|x64
		Release|x86 = Release|x86
	EndGlobalSection
	GlobalSection(ProjectConfigurationPlatforms) = postSolution
		{23A4F7BD-D791-4EF4-8461-E7140DB10B07}.Debug|Any CPU.ActiveCfg = Debug|Any CPU
		{23A4F7BD-D791-4EF4-8461-E7140DB10B07}.Debug|Any CPU.Build.0 = Debug|Any CPU
		{23A4F7BD-D791-4EF4-8461-E7140DB10B07}.Debug|x64.ActiveCfg = Debug|Any CPU
		{23A4F7BD-D791-4EF4-8461-E7140DB10B07}.Debug|x64.Build.0 = Debug|Any CPU
		{23A4F7BD-D791-4EF4-8461-E7140DB10B07}.Debug|x86.ActiveCfg = Debug|Any CPU
		{23A4F7BD-D791-4EF4-8461-E7140DB10B07}.Debug|x86.Build.0 = Debug|Any CPU
		{23A4F7BD-D791-4EF4-8461-E7140DB10B07}.Release|Any CPU.ActiveCfg = Release|Any CPU
		{23A4F7BD-D791-4EF4-8461-E7140DB10B07}.Release|Any CPU.Build.0 = Release|Any CPU
		{23A4F7BD-D791-4EF4-8461-E7140DB10B07}.Release|x64.ActiveCfg = Release|Any CPU
		{23A4F7BD-D791-4EF4-8461-E7140DB10B07}.Release|x64.Build.0 = Release|Any CPU
		{23A4F7BD-D791-4EF4-8461-E7140DB10B07}.Release|x86.ActiveCfg = Release|Any CPU
		{23A4F7BD-D791-4EF4-8461-E7140DB10B07}.Release|x86.Build.0 = Release|Any CPU
		{F046B04F-3A42-4386-BED2-9D64D8BA8825}.Debug|Any CPU.ActiveCfg = Debug|Any CPU
		{F046B04F-3A42-4386-BED2-9D64D8BA8825}.Debug|Any CPU.Build.0 = Debug|Any CPU
		{F046B04F-3A42-4386-BED2-9D64D8BA8825}.Debug|x64.ActiveCfg = Debug|Any CPU
		{F046B04F-3A42-4386-BED2-9D64D8BA8825}.Debug|x64.Build.0 = Debug|Any CPU
		{F046B04F-3A42-4386-BED2-9D64D8BA8825}.Debug|x86.ActiveCfg = Debug|Any CPU
		{F046B04F-3A42-4386-BED2-9D64D8BA8825}.Debug|x86.Build.0 = Debug|Any CPU
		{F046B04F-3A42-4386-BED2-9D64D8BA8825}.Release|Any CPU.ActiveCfg = Release|Any CPU
		{F046B04F-3A42-4386-BED2-9D64D8BA8825}.Release|Any CPU.Build.0 = Release|Any CPU
		{F046B04F-3A42-4386-BED2-9D64D8BA8825}.Release|x64.ActiveCfg = Release|Any CPU
		{F046B04F-3A42-4386-BED2-9D64D8BA8825}.Release|x64.Build.0 = Release|Any CPU
		{F046B04F-3A42-4386-BED2-9D64D8BA8825}.Release|x86.ActiveCfg = Release|Any CPU
		{F046B04F-3A42-4386-BED2-9D64D8BA8825}.Release|x86.Build.0 = Release|Any CPU
		{35A6BEEA-0920-4544-9840-B40DAF99D90F}.Debug|Any CPU.ActiveCfg = Debug|Any CPU
		{35A6BEEA-0920-4544-9840-B40DAF99D90F}.Debug|Any CPU.Build.0 = Debug|Any CPU
		{35A6BEEA-0920-4544-9840-B40DAF99D90F}.Debug|x64.ActiveCfg = Debug|Any CPU
		{35A6BEEA-0920-4544-9840-B40DAF99D90F}.Debug|x64.Build.0 = Debug|Any CPU
		{35A6BEEA-0920-4544-9840-B40DAF99D90F}.Debug|x86.ActiveCfg = Debug|Any CPU
		{35A6BEEA-0920-4544-9840-B40DAF99D90F}.Debug|x86.Build.0 = Debug|Any CPU
		{35A6BEEA-0920-4544-9840-B40DAF99D90F}.Release|Any CPU.ActiveCfg = Release|Any CPU
		{35A6BEEA-0920-4544-9840-B40DAF99D90F}.Release|Any CPU.Build.0 = Release|Any CPU
		{35A6BEEA-0920-4544-9840-B40DAF99D90F}.Release|x64.ActiveCfg = Release|Any CPU
		{35A6BEEA-0920-4544-9840-B40DAF99D90F}.Release|x64.Build.0 = Release|Any CPU
		{35A6BEEA-0920-4544-9840-B40DAF99D90F}.Release|x86.ActiveCfg = Release|Any CPU
		{35A6BEEA-0920-4544-9840-B40DAF99D90F}.Release|x86.Build.0 = Release|Any CPU
		{9FF8BAF8-E6DC-475E-BAA2-12A3F8C92294}.Debug|Any CPU.ActiveCfg = Debug|Any CPU
		{9FF8BAF8-E6DC-475E-BAA2-12A3F8C92294}.Debug|Any CPU.Build.0 = Debug|Any CPU
		{9FF8BAF8-E6DC-475E-BAA2-12A3F8C92294}.Debug|x64.ActiveCfg = Debug|Any CPU
		{9FF8BAF8-E6DC-475E-BAA2-12A3F8C92294}.Debug|x64.Build.0 = Debug|Any CPU
		{9FF8BAF8-E6DC-475E-BAA2-12A3F8C92294}.Debug|x86.ActiveCfg = Debug|Any CPU
		{9FF8BAF8-E6DC-475E-BAA2-12A3F8C92294}.Debug|x86.Build.0 = Debug|Any CPU
		{9FF8BAF8-E6DC-475E-BAA2-12A3F8C92294}.Release|Any CPU.ActiveCfg = Release|Any CPU
		{9FF8BAF8-E6DC-475E-BAA2-12A3F8C92294}.Release|Any CPU.Build.0 = Release|Any CPU
		{9FF8BAF8-E6DC-475E-BAA2-12A3F8C92294}.Release|x64.ActiveCfg = Release|Any CPU
		{9FF8BAF8-E6DC-475E-BAA2-12A3F8C92294}.Release|x64.Build.0 = Release|Any CPU
		{9FF8BAF8-E6DC-475E-BAA2-12A3F8C92294}.Release|x86.ActiveCfg = Release|Any CPU
		{9FF8BAF8-E6DC-475E-BAA2-12A3F8C92294}.Release|x86.Build.0 = Release|Any CPU
		{E17B98B0-DF0A-48EA-993E-093B5D906951}.Debug|Any CPU.ActiveCfg = Debug|Any CPU
		{E17B98B0-DF0A-48EA-993E-093B5D906951}.Debug|Any CPU.Build.0 = Debug|Any CPU
		{E17B98B0-DF0A-48EA-993E-093B5D906951}.Debug|x64.ActiveCfg = Debug|Any CPU
		{E17B98B0-DF0A-48EA-993E-093B5D906951}.Debug|x64.Build.0 = Debug|Any CPU
		{E17B98B0-DF0A-48EA-993E-093B5D906951}.Debug|x86.ActiveCfg = Debug|Any CPU
		{E17B98B0-DF0A-48EA-993E-093B5D906951}.Debug|x86.Build.0 = Debug|Any CPU
		{E17B98B0-DF0A-48EA-993E-093B5D906951}.Release|Any CPU.ActiveCfg = Release|Any CPU
		{E17B98B0-DF0A-48EA-993E-093B5D906951}.Release|Any CPU.Build.0 = Release|Any CPU
		{E17B98B0-DF0A-48EA-993E-093B5D906951}.Release|x64.ActiveCfg = Release|Any CPU
		{E17B98B0-DF0A-48EA-993E-093B5D906951}.Release|x64.Build.0 = Release|Any CPU
		{E17B98B0-DF0A-48EA-993E-093B5D906951}.Release|x86.ActiveCfg = Release|Any CPU
		{E17B98B0-DF0A-48EA-993E-093B5D906951}.Release|x86.Build.0 = Release|Any CPU
		{26B817D6-3941-4142-B115-480B9560EFB3}.Debug|Any CPU.ActiveCfg = Debug|Any CPU
		{26B817D6-3941-4142-B115-480B9560EFB3}.Debug|Any CPU.Build.0 = Debug|Any CPU
		{26B817D6-3941-4142-B115-480B9560EFB3}.Debug|x64.ActiveCfg = Debug|Any CPU
		{26B817D6-3941-4142-B115-480B9560EFB3}.Debug|x64.Build.0 = Debug|Any CPU
		{26B817D6-3941-4142-B115-480B9560EFB3}.Debug|x86.ActiveCfg = Debug|Any CPU
		{26B817D6-3941-4142-B115-480B9560EFB3}.Debug|x86.Build.0 = Debug|Any CPU
		{26B817D6-3941-4142-B115-480B9560EFB3}.Release|Any CPU.ActiveCfg = Release|Any CPU
		{26B817D6-3941-4142-B115-480B9560EFB3}.Release|Any CPU.Build.0 = Release|Any CPU
		{26B817D6-3941-4142-B115-480B9560EFB3}.Release|x64.ActiveCfg = Release|Any CPU
		{26B817D6-3941-4142-B115-480B9560EFB3}.Release|x64.Build.0 = Release|Any CPU
		{26B817D6-3941-4142-B115-480B9560EFB3}.Release|x86.ActiveCfg = Release|Any CPU
		{26B817D6-3941-4142-B115-480B9560EFB3}.Release|x86.Build.0 = Release|Any CPU
		{4CC1A265-D7B6-4682-AA22-45CC998F711C}.Debug|Any CPU.ActiveCfg = Debug|Any CPU
		{4CC1A265-D7B6-4682-AA22-45CC998F711C}.Debug|Any CPU.Build.0 = Debug|Any CPU
		{4CC1A265-D7B6-4682-AA22-45CC998F711C}.Debug|x64.ActiveCfg = Debug|Any CPU
		{4CC1A265-D7B6-4682-AA22-45CC998F711C}.Debug|x64.Build.0 = Debug|Any CPU
		{4CC1A265-D7B6-4682-AA22-45CC998F711C}.Debug|x86.ActiveCfg = Debug|Any CPU
		{4CC1A265-D7B6-4682-AA22-45CC998F711C}.Debug|x86.Build.0 = Debug|Any CPU
		{4CC1A265-D7B6-4682-AA22-45CC998F711C}.Release|Any CPU.ActiveCfg = Release|Any CPU
		{4CC1A265-D7B6-4682-AA22-45CC998F711C}.Release|Any CPU.Build.0 = Release|Any CPU
		{4CC1A265-D7B6-4682-AA22-45CC998F711C}.Release|x64.ActiveCfg = Release|Any CPU
		{4CC1A265-D7B6-4682-AA22-45CC998F711C}.Release|x64.Build.0 = Release|Any CPU
		{4CC1A265-D7B6-4682-AA22-45CC998F711C}.Release|x86.ActiveCfg = Release|Any CPU
		{4CC1A265-D7B6-4682-AA22-45CC998F711C}.Release|x86.Build.0 = Release|Any CPU
	EndGlobalSection
	GlobalSection(SolutionProperties) = preSolution
		HideSolutionNode = FALSE
	EndGlobalSection
EndGlobal
